// !$*UTF8*$!
{
	archiveVersion = 1;
	classes = {
	};
	objectVersion = 50;
	objects = {

/* Begin PBXBuildFile section */
		A82B2D5B24A7AF1F00728C1C /* ExitButton.swift in Sources */ = {isa = PBXBuildFile; fileRef = A82B2D5A24A7AF1F00728C1C /* ExitButton.swift */; };
		A82B2D5D24A80F0E00728C1C /* FilteredCategoryView.swift in Sources */ = {isa = PBXBuildFile; fileRef = A82B2D5C24A80F0E00728C1C /* FilteredCategoryView.swift */; };
		A82B2D5F24A8233200728C1C /* AnimalThumb.swift in Sources */ = {isa = PBXBuildFile; fileRef = A82B2D5E24A8233200728C1C /* AnimalThumb.swift */; };
		A82B2D6124A8BD3500728C1C /* FilterProfessions.swift in Sources */ = {isa = PBXBuildFile; fileRef = A82B2D6024A8BD3500728C1C /* FilterProfessions.swift */; };
		A82B2D6324AAEA7100728C1C /* FilterBuildings.swift in Sources */ = {isa = PBXBuildFile; fileRef = A82B2D6224AAEA7100728C1C /* FilterBuildings.swift */; };
		A82B2D6524AB833000728C1C /* BuildingThumb.swift in Sources */ = {isa = PBXBuildFile; fileRef = A82B2D6424AB833000728C1C /* BuildingThumb.swift */; };
		A82B2D6724AB892800728C1C /* AnimalSeasonFilter.swift in Sources */ = {isa = PBXBuildFile; fileRef = A82B2D6624AB892800728C1C /* AnimalSeasonFilter.swift */; };
		A82B2D6924AB8C2000728C1C /* JobThumb.swift in Sources */ = {isa = PBXBuildFile; fileRef = A82B2D6824AB8C2000728C1C /* JobThumb.swift */; };
		A82B2D6B24AC098800728C1C /* AnimalFilters.swift in Sources */ = {isa = PBXBuildFile; fileRef = A82B2D6A24AC098800728C1C /* AnimalFilters.swift */; };
		A8696760241E89B6006053AC /* BuildingInfoView.swift in Sources */ = {isa = PBXBuildFile; fileRef = A869675F241E89B6006053AC /* BuildingInfoView.swift */; };
		A8696762241ED896006053AC /* BuildingListView.swift in Sources */ = {isa = PBXBuildFile; fileRef = A8696761241ED896006053AC /* BuildingListView.swift */; };
		A8739EA5248C87000036951F /* MenuView.swift in Sources */ = {isa = PBXBuildFile; fileRef = A8739EA4248C87000036951F /* MenuView.swift */; };
		A8739EA7248D07210036951F /* GridView.swift in Sources */ = {isa = PBXBuildFile; fileRef = A8739EA6248D07210036951F /* GridView.swift */; };
		A889605224AE147E001794B4 /* AnimalTierFilter.swift in Sources */ = {isa = PBXBuildFile; fileRef = A889605124AE147E001794B4 /* AnimalTierFilter.swift */; };
		A889605424AE18F8001794B4 /* AnimalCategoryFilter.swift in Sources */ = {isa = PBXBuildFile; fileRef = A889605324AE18F8001794B4 /* AnimalCategoryFilter.swift */; };
		A889605624AE1A9B001794B4 /* AnimalParentFilter.swift in Sources */ = {isa = PBXBuildFile; fileRef = A889605524AE1A9B001794B4 /* AnimalParentFilter.swift */; };
		A889605824AEAAF1001794B4 /* HeaderText.swift in Sources */ = {isa = PBXBuildFile; fileRef = A889605724AEAAF0001794B4 /* HeaderText.swift */; };
		A889605C24AEE6D4001794B4 /* BuildingFilters.swift in Sources */ = {isa = PBXBuildFile; fileRef = A889605B24AEE6D4001794B4 /* BuildingFilters.swift */; };
		A889605E24AEE927001794B4 /* BuildingCategoryFilter.swift in Sources */ = {isa = PBXBuildFile; fileRef = A889605D24AEE927001794B4 /* BuildingCategoryFilter.swift */; };
		A890529223EBC7F3002C46C5 /* HomeView.swift in Sources */ = {isa = PBXBuildFile; fileRef = A890529123EBC7F3002C46C5 /* HomeView.swift */; };
		A8AA85F0247C70DD0041D878 /* Enums.swift in Sources */ = {isa = PBXBuildFile; fileRef = A8AA85EF247C70DC0041D878 /* Enums.swift */; };
		A8AA85F2247C72FC0041D878 /* Colors.swift in Sources */ = {isa = PBXBuildFile; fileRef = A8AA85F1247C72FC0041D878 /* Colors.swift */; };
		A8B4489E24AF530F00F6851C /* ProfessionFilters.swift in Sources */ = {isa = PBXBuildFile; fileRef = A8B4489D24AF530F00F6851C /* ProfessionFilters.swift */; };
		A8B448A124AF543900F6851C /* ProfessionGenomeFilter.swift in Sources */ = {isa = PBXBuildFile; fileRef = A8B448A024AF543900F6851C /* ProfessionGenomeFilter.swift */; };
		A8B448A324AF5F1900F6851C /* ProfessionCloneFilter.swift in Sources */ = {isa = PBXBuildFile; fileRef = A8B448A224AF5F1900F6851C /* ProfessionCloneFilter.swift */; };
		A8B448A524AF755800F6851C /* BuildingCloneFilter.swift in Sources */ = {isa = PBXBuildFile; fileRef = A8B448A424AF755800F6851C /* BuildingCloneFilter.swift */; };
		A8BACB7E23B6F5D2003188A0 /* AnimalView.swift in Sources */ = {isa = PBXBuildFile; fileRef = A8BACB7D23B6F5D2003188A0 /* AnimalView.swift */; };
		A8BACB8223B83962003188A0 /* AnimalDetailsView.swift in Sources */ = {isa = PBXBuildFile; fileRef = A8BACB8123B83962003188A0 /* AnimalDetailsView.swift */; };
		A8BACB8423B8442D003188A0 /* BuildingDetailsView.swift in Sources */ = {isa = PBXBuildFile; fileRef = A8BACB8323B8442D003188A0 /* BuildingDetailsView.swift */; };
		A8BACB8623B8483F003188A0 /* ProfessionDetailsView.swift in Sources */ = {isa = PBXBuildFile; fileRef = A8BACB8523B8483F003188A0 /* ProfessionDetailsView.swift */; };
		A8CA3F7623CFF08F002E9A1C /* FilteredSeasonView.swift in Sources */ = {isa = PBXBuildFile; fileRef = A8CA3F7523CFF08F002E9A1C /* FilteredSeasonView.swift */; };
		A8DA1BBD23DCDAA400D137EA /* FilteredBuildingView.swift in Sources */ = {isa = PBXBuildFile; fileRef = A8DA1BBC23DCDAA400D137EA /* FilteredBuildingView.swift */; };
		A8DA1BBF23DCE3E900D137EA /* UITabBarWrapper.swift in Sources */ = {isa = PBXBuildFile; fileRef = A8DA1BBE23DCE3E900D137EA /* UITabBarWrapper.swift */; };
		A8DA1BC123DCE54100D137EA /* TabBarElement.swift in Sources */ = {isa = PBXBuildFile; fileRef = A8DA1BC023DCE54100D137EA /* TabBarElement.swift */; };
		A8DA1BC323DE553200D137EA /* FilteredGenomeView.swift in Sources */ = {isa = PBXBuildFile; fileRef = A8DA1BC223DE553200D137EA /* FilteredGenomeView.swift */; };
		A8E381232392F8A000F5B6AF /* CloneView.swift in Sources */ = {isa = PBXBuildFile; fileRef = A8E381222392F8A000F5B6AF /* CloneView.swift */; };
		A8E3812623932F8B00F5B6AF /* Clone.swift in Sources */ = {isa = PBXBuildFile; fileRef = A8E3812523932F8B00F5B6AF /* Clone.swift */; };
		A8E3812923932FD500F5B6AF /* Animal.swift in Sources */ = {isa = PBXBuildFile; fileRef = A8E3812823932FD500F5B6AF /* Animal.swift */; };
		A8E936EC248299DA0040665C /* RoundedCorner.swift in Sources */ = {isa = PBXBuildFile; fileRef = A8E936EB248299DA0040665C /* RoundedCorner.swift */; };
		A8F0076D238F25BE000587DB /* AppDelegate.swift in Sources */ = {isa = PBXBuildFile; fileRef = A8F0076C238F25BE000587DB /* AppDelegate.swift */; };
		A8F0076F238F25BE000587DB /* SceneDelegate.swift in Sources */ = {isa = PBXBuildFile; fileRef = A8F0076E238F25BE000587DB /* SceneDelegate.swift */; };
		A8F00771238F25BE000587DB /* ContentView.swift in Sources */ = {isa = PBXBuildFile; fileRef = A8F00770238F25BE000587DB /* ContentView.swift */; };
		A8F00773238F25DC000587DB /* Assets.xcassets in Resources */ = {isa = PBXBuildFile; fileRef = A8F00772238F25DC000587DB /* Assets.xcassets */; };
		A8F00776238F25DC000587DB /* Preview Assets.xcassets in Resources */ = {isa = PBXBuildFile; fileRef = A8F00775238F25DC000587DB /* Preview Assets.xcassets */; };
		A8F00779238F25DC000587DB /* LaunchScreen.storyboard in Resources */ = {isa = PBXBuildFile; fileRef = A8F00777238F25DC000587DB /* LaunchScreen.storyboard */; };
		A8F00781238F2708000587DB /* Extensions.swift in Sources */ = {isa = PBXBuildFile; fileRef = A8F00780238F2708000587DB /* Extensions.swift */; };
		A8F00789238FF39E000587DB /* buildings.json in Resources */ = {isa = PBXBuildFile; fileRef = A8F00788238FF39E000587DB /* buildings.json */; };
		A8F0078B23909AC2000587DB /* BuildingView.swift in Sources */ = {isa = PBXBuildFile; fileRef = A8F0078A23909AC2000587DB /* BuildingView.swift */; };
		A8F0078D2390ACBB000587DB /* ProfessionView.swift in Sources */ = {isa = PBXBuildFile; fileRef = A8F0078C2390ACBB000587DB /* ProfessionView.swift */; };
		A8F0078F2390B54E000587DB /* animals.json in Resources */ = {isa = PBXBuildFile; fileRef = A8F0078E2390B54D000587DB /* animals.json */; };
		A8F00791239163AD000587DB /* Building.swift in Sources */ = {isa = PBXBuildFile; fileRef = A8F00790239163AD000587DB /* Building.swift */; };
		A8F007932391640D000587DB /* Profession.swift in Sources */ = {isa = PBXBuildFile; fileRef = A8F007922391640D000587DB /* Profession.swift */; };
		A8F007952391E79A000587DB /* professions.json in Resources */ = {isa = PBXBuildFile; fileRef = A8F007942391E79A000587DB /* professions.json */; };
/* End PBXBuildFile section */

/* Begin PBXFileReference section */
		A82B2D5A24A7AF1F00728C1C /* ExitButton.swift */ = {isa = PBXFileReference; lastKnownFileType = sourcecode.swift; path = ExitButton.swift; sourceTree = "<group>"; };
		A82B2D5C24A80F0E00728C1C /* FilteredCategoryView.swift */ = {isa = PBXFileReference; lastKnownFileType = sourcecode.swift; name = FilteredCategoryView.swift; path = PixelPeople/Extras/FilteredCategoryView.swift; sourceTree = SOURCE_ROOT; };
		A82B2D5E24A8233200728C1C /* AnimalThumb.swift */ = {isa = PBXFileReference; lastKnownFileType = sourcecode.swift; path = AnimalThumb.swift; sourceTree = "<group>"; };
		A82B2D6024A8BD3500728C1C /* FilterProfessions.swift */ = {isa = PBXFileReference; lastKnownFileType = sourcecode.swift; path = FilterProfessions.swift; sourceTree = "<group>"; };
		A82B2D6224AAEA7100728C1C /* FilterBuildings.swift */ = {isa = PBXFileReference; lastKnownFileType = sourcecode.swift; path = FilterBuildings.swift; sourceTree = "<group>"; };
		A82B2D6424AB833000728C1C /* BuildingThumb.swift */ = {isa = PBXFileReference; lastKnownFileType = sourcecode.swift; path = BuildingThumb.swift; sourceTree = "<group>"; };
		A82B2D6624AB892800728C1C /* AnimalSeasonFilter.swift */ = {isa = PBXFileReference; fileEncoding = 4; lastKnownFileType = sourcecode.swift; name = AnimalSeasonFilter.swift; path = ../AnimalSeasonFilter.swift; sourceTree = "<group>"; };
		A82B2D6824AB8C2000728C1C /* JobThumb.swift */ = {isa = PBXFileReference; lastKnownFileType = sourcecode.swift; path = JobThumb.swift; sourceTree = "<group>"; };
		A82B2D6A24AC098800728C1C /* AnimalFilters.swift */ = {isa = PBXFileReference; lastKnownFileType = sourcecode.swift; path = AnimalFilters.swift; sourceTree = "<group>"; };
		A869675F241E89B6006053AC /* BuildingInfoView.swift */ = {isa = PBXFileReference; lastKnownFileType = sourcecode.swift; path = BuildingInfoView.swift; sourceTree = "<group>"; };
		A8696761241ED896006053AC /* BuildingListView.swift */ = {isa = PBXFileReference; lastKnownFileType = sourcecode.swift; path = BuildingListView.swift; sourceTree = "<group>"; };
		A8739EA4248C87000036951F /* MenuView.swift */ = {isa = PBXFileReference; lastKnownFileType = sourcecode.swift; path = MenuView.swift; sourceTree = "<group>"; };
		A8739EA6248D07210036951F /* GridView.swift */ = {isa = PBXFileReference; lastKnownFileType = sourcecode.swift; path = GridView.swift; sourceTree = "<group>"; };
		A889605124AE147E001794B4 /* AnimalTierFilter.swift */ = {isa = PBXFileReference; fileEncoding = 4; lastKnownFileType = sourcecode.swift; path = AnimalTierFilter.swift; sourceTree = "<group>"; };
		A889605324AE18F8001794B4 /* AnimalCategoryFilter.swift */ = {isa = PBXFileReference; fileEncoding = 4; lastKnownFileType = sourcecode.swift; path = AnimalCategoryFilter.swift; sourceTree = "<group>"; };
		A889605524AE1A9B001794B4 /* AnimalParentFilter.swift */ = {isa = PBXFileReference; fileEncoding = 4; lastKnownFileType = sourcecode.swift; path = AnimalParentFilter.swift; sourceTree = "<group>"; };
		A889605724AEAAF0001794B4 /* HeaderText.swift */ = {isa = PBXFileReference; lastKnownFileType = sourcecode.swift; path = HeaderText.swift; sourceTree = "<group>"; };
		A889605B24AEE6D4001794B4 /* BuildingFilters.swift */ = {isa = PBXFileReference; fileEncoding = 4; lastKnownFileType = sourcecode.swift; name = BuildingFilters.swift; path = PixelPeople/Views/Animals/BuildingFilters.swift; sourceTree = SOURCE_ROOT; };
		A889605D24AEE927001794B4 /* BuildingCategoryFilter.swift */ = {isa = PBXFileReference; fileEncoding = 4; lastKnownFileType = sourcecode.swift; name = BuildingCategoryFilter.swift; path = PixelPeople/Views/Filters/Animals/BuildingCategoryFilter.swift; sourceTree = SOURCE_ROOT; };
		A890529123EBC7F3002C46C5 /* HomeView.swift */ = {isa = PBXFileReference; lastKnownFileType = sourcecode.swift; path = HomeView.swift; sourceTree = "<group>"; };
		A8AA85EF247C70DC0041D878 /* Enums.swift */ = {isa = PBXFileReference; lastKnownFileType = sourcecode.swift; path = Enums.swift; sourceTree = "<group>"; };
		A8AA85F1247C72FC0041D878 /* Colors.swift */ = {isa = PBXFileReference; lastKnownFileType = sourcecode.swift; path = Colors.swift; sourceTree = "<group>"; };
		A8B4489D24AF530F00F6851C /* ProfessionFilters.swift */ = {isa = PBXFileReference; fileEncoding = 4; lastKnownFileType = sourcecode.swift; name = ProfessionFilters.swift; path = PixelPeople/Views/Animals/ProfessionFilters.swift; sourceTree = SOURCE_ROOT; };
		A8B448A024AF543900F6851C /* ProfessionGenomeFilter.swift */ = {isa = PBXFileReference; fileEncoding = 4; lastKnownFileType = sourcecode.swift; name = ProfessionGenomeFilter.swift; path = PixelPeople/Assets.xcassets/ProfessionGenomeFilter.swift; sourceTree = SOURCE_ROOT; };
		A8B448A224AF5F1900F6851C /* ProfessionCloneFilter.swift */ = {isa = PBXFileReference; fileEncoding = 4; lastKnownFileType = sourcecode.swift; path = ProfessionCloneFilter.swift; sourceTree = "<group>"; };
		A8B448A424AF755800F6851C /* BuildingCloneFilter.swift */ = {isa = PBXFileReference; fileEncoding = 4; lastKnownFileType = sourcecode.swift; name = BuildingCloneFilter.swift; path = PixelPeople/Views/Filters/Professions/BuildingCloneFilter.swift; sourceTree = SOURCE_ROOT; };
		A8BACB7D23B6F5D2003188A0 /* AnimalView.swift */ = {isa = PBXFileReference; lastKnownFileType = sourcecode.swift; path = AnimalView.swift; sourceTree = "<group>"; };
		A8BACB8123B83962003188A0 /* AnimalDetailsView.swift */ = {isa = PBXFileReference; lastKnownFileType = sourcecode.swift; path = AnimalDetailsView.swift; sourceTree = "<group>"; };
		A8BACB8323B8442D003188A0 /* BuildingDetailsView.swift */ = {isa = PBXFileReference; lastKnownFileType = sourcecode.swift; path = BuildingDetailsView.swift; sourceTree = "<group>"; };
		A8BACB8523B8483F003188A0 /* ProfessionDetailsView.swift */ = {isa = PBXFileReference; lastKnownFileType = sourcecode.swift; path = ProfessionDetailsView.swift; sourceTree = "<group>"; };
		A8CA3F7523CFF08F002E9A1C /* FilteredSeasonView.swift */ = {isa = PBXFileReference; lastKnownFileType = sourcecode.swift; path = FilteredSeasonView.swift; sourceTree = "<group>"; };
		A8DA1BBC23DCDAA400D137EA /* FilteredBuildingView.swift */ = {isa = PBXFileReference; lastKnownFileType = sourcecode.swift; path = FilteredBuildingView.swift; sourceTree = "<group>"; };
		A8DA1BBE23DCE3E900D137EA /* UITabBarWrapper.swift */ = {isa = PBXFileReference; lastKnownFileType = sourcecode.swift; path = UITabBarWrapper.swift; sourceTree = "<group>"; };
		A8DA1BC023DCE54100D137EA /* TabBarElement.swift */ = {isa = PBXFileReference; lastKnownFileType = sourcecode.swift; path = TabBarElement.swift; sourceTree = "<group>"; };
		A8DA1BC223DE553200D137EA /* FilteredGenomeView.swift */ = {isa = PBXFileReference; lastKnownFileType = sourcecode.swift; path = FilteredGenomeView.swift; sourceTree = "<group>"; };
		A8E381222392F8A000F5B6AF /* CloneView.swift */ = {isa = PBXFileReference; lastKnownFileType = sourcecode.swift; path = CloneView.swift; sourceTree = "<group>"; };
		A8E3812523932F8B00F5B6AF /* Clone.swift */ = {isa = PBXFileReference; lastKnownFileType = sourcecode.swift; path = Clone.swift; sourceTree = "<group>"; };
		A8E3812823932FD500F5B6AF /* Animal.swift */ = {isa = PBXFileReference; lastKnownFileType = sourcecode.swift; path = Animal.swift; sourceTree = "<group>"; };
		A8E936EB248299DA0040665C /* RoundedCorner.swift */ = {isa = PBXFileReference; lastKnownFileType = sourcecode.swift; path = RoundedCorner.swift; sourceTree = "<group>"; };
		A8F00769238F25BE000587DB /* PixelPeople.app */ = {isa = PBXFileReference; explicitFileType = wrapper.application; includeInIndex = 0; path = PixelPeople.app; sourceTree = BUILT_PRODUCTS_DIR; };
		A8F0076C238F25BE000587DB /* AppDelegate.swift */ = {isa = PBXFileReference; lastKnownFileType = sourcecode.swift; path = AppDelegate.swift; sourceTree = "<group>"; };
		A8F0076E238F25BE000587DB /* SceneDelegate.swift */ = {isa = PBXFileReference; lastKnownFileType = sourcecode.swift; path = SceneDelegate.swift; sourceTree = "<group>"; };
		A8F00770238F25BE000587DB /* ContentView.swift */ = {isa = PBXFileReference; lastKnownFileType = sourcecode.swift; path = ContentView.swift; sourceTree = "<group>"; };
		A8F00772238F25DC000587DB /* Assets.xcassets */ = {isa = PBXFileReference; lastKnownFileType = folder.assetcatalog; path = Assets.xcassets; sourceTree = "<group>"; };
		A8F00775238F25DC000587DB /* Preview Assets.xcassets */ = {isa = PBXFileReference; lastKnownFileType = folder.assetcatalog; path = "Preview Assets.xcassets"; sourceTree = "<group>"; };
		A8F00778238F25DC000587DB /* Base */ = {isa = PBXFileReference; lastKnownFileType = file.storyboard; name = Base; path = Base.lproj/LaunchScreen.storyboard; sourceTree = "<group>"; };
		A8F0077A238F25DC000587DB /* Info.plist */ = {isa = PBXFileReference; lastKnownFileType = text.plist.xml; path = Info.plist; sourceTree = "<group>"; };
		A8F00780238F2708000587DB /* Extensions.swift */ = {isa = PBXFileReference; lastKnownFileType = sourcecode.swift; path = Extensions.swift; sourceTree = "<group>"; };
		A8F00788238FF39E000587DB /* buildings.json */ = {isa = PBXFileReference; fileEncoding = 4; lastKnownFileType = text.json; path = buildings.json; sourceTree = "<group>"; };
		A8F0078A23909AC2000587DB /* BuildingView.swift */ = {isa = PBXFileReference; lastKnownFileType = sourcecode.swift; path = BuildingView.swift; sourceTree = "<group>"; };
		A8F0078C2390ACBB000587DB /* ProfessionView.swift */ = {isa = PBXFileReference; lastKnownFileType = sourcecode.swift; path = ProfessionView.swift; sourceTree = "<group>"; };
		A8F0078E2390B54D000587DB /* animals.json */ = {isa = PBXFileReference; fileEncoding = 4; lastKnownFileType = text.json; path = animals.json; sourceTree = "<group>"; };
		A8F00790239163AD000587DB /* Building.swift */ = {isa = PBXFileReference; lastKnownFileType = sourcecode.swift; path = Building.swift; sourceTree = "<group>"; };
		A8F007922391640D000587DB /* Profession.swift */ = {isa = PBXFileReference; lastKnownFileType = sourcecode.swift; path = Profession.swift; sourceTree = "<group>"; };
		A8F007942391E79A000587DB /* professions.json */ = {isa = PBXFileReference; fileEncoding = 4; lastKnownFileType = text.json; path = professions.json; sourceTree = "<group>"; };
/* End PBXFileReference section */

/* Begin PBXFrameworksBuildPhase section */
		A8F00766238F25BE000587DB /* Frameworks */ = {
			isa = PBXFrameworksBuildPhase;
			buildActionMask = 2147483647;
			files = (
			);
			runOnlyForDeploymentPostprocessing = 0;
		};
/* End PBXFrameworksBuildPhase section */

/* Begin PBXGroup section */
		A869675C241C3B0B006053AC /* Buildings */ = {
			isa = PBXGroup;
			children = (
				A8F0078A23909AC2000587DB /* BuildingView.swift */,
				A8BACB8323B8442D003188A0 /* BuildingDetailsView.swift */,
				A889605B24AEE6D4001794B4 /* BuildingFilters.swift */,
				A82B2D6424AB833000728C1C /* BuildingThumb.swift */,
			);
			path = Buildings;
			sourceTree = "<group>";
		};
		A869675D241C3B40006053AC /* Jobs */ = {
			isa = PBXGroup;
			children = (
				A8F0078C2390ACBB000587DB /* ProfessionView.swift */,
				A8BACB8523B8483F003188A0 /* ProfessionDetailsView.swift */,
				A8B4489D24AF530F00F6851C /* ProfessionFilters.swift */,
				A82B2D6824AB8C2000728C1C /* JobThumb.swift */,
			);
			path = Jobs;
			sourceTree = "<group>";
		};
		A869675E241C3B63006053AC /* Animals */ = {
			isa = PBXGroup;
			children = (
				A8BACB7D23B6F5D2003188A0 /* AnimalView.swift */,
				A8BACB8123B83962003188A0 /* AnimalDetailsView.swift */,
				A82B2D6A24AC098800728C1C /* AnimalFilters.swift */,
				A82B2D5E24A8233200728C1C /* AnimalThumb.swift */,
			);
			path = Animals;
			sourceTree = "<group>";
		};
		A8800EC0248BC41100A72FCA /* Extras */ = {
			isa = PBXGroup;
			children = (
				A8F0076C238F25BE000587DB /* AppDelegate.swift */,
				A8F0076E238F25BE000587DB /* SceneDelegate.swift */,
				A8F00780238F2708000587DB /* Extensions.swift */,
				A8AA85F1247C72FC0041D878 /* Colors.swift */,
				A8AA85EF247C70DC0041D878 /* Enums.swift */,
				A8E936EB248299DA0040665C /* RoundedCorner.swift */,
				A8739EA6248D07210036951F /* GridView.swift */,
				A82B2D5A24A7AF1F00728C1C /* ExitButton.swift */,
				A82B2D6024A8BD3500728C1C /* FilterProfessions.swift */,
				A8CA3F7523CFF08F002E9A1C /* FilteredSeasonView.swift */,
				A82B2D5C24A80F0E00728C1C /* FilteredCategoryView.swift */,
				A8E381222392F8A000F5B6AF /* CloneView.swift */,
				A8DA1BBC23DCDAA400D137EA /* FilteredBuildingView.swift */,
				A869675F241E89B6006053AC /* BuildingInfoView.swift */,
				A8696761241ED896006053AC /* BuildingListView.swift */,
				A82B2D6224AAEA7100728C1C /* FilterBuildings.swift */,
				A889605724AEAAF0001794B4 /* HeaderText.swift */,
				A8739EA4248C87000036951F /* MenuView.swift */,
				A8DA1BBE23DCE3E900D137EA /* UITabBarWrapper.swift */,
				A8DA1BC023DCE54100D137EA /* TabBarElement.swift */,
				A8DA1BC223DE553200D137EA /* FilteredGenomeView.swift */,
			);
			path = Extras;
			sourceTree = "<group>";
		};
		A889605024AE10E2001794B4 /* Filters */ = {
			isa = PBXGroup;
			children = (
				A8B4489F24AF540800F6851C /* Professions */,
				A889605A24AEE61E001794B4 /* Buildings */,
				A889605924AEE5A2001794B4 /* Animals */,
			);
			path = Filters;
			sourceTree = "<group>";
		};
		A889605924AEE5A2001794B4 /* Animals */ = {
			isa = PBXGroup;
			children = (
				A82B2D6624AB892800728C1C /* AnimalSeasonFilter.swift */,
				A889605124AE147E001794B4 /* AnimalTierFilter.swift */,
				A889605324AE18F8001794B4 /* AnimalCategoryFilter.swift */,
				A889605524AE1A9B001794B4 /* AnimalParentFilter.swift */,
			);
			path = Animals;
			sourceTree = "<group>";
		};
		A889605A24AEE61E001794B4 /* Buildings */ = {
			isa = PBXGroup;
			children = (
				A8B448A424AF755800F6851C /* BuildingCloneFilter.swift */,
				A889605D24AEE927001794B4 /* BuildingCategoryFilter.swift */,
			);
			path = Buildings;
			sourceTree = "<group>";
		};
		A8B4489F24AF540800F6851C /* Professions */ = {
			isa = PBXGroup;
			children = (
				A8B448A024AF543900F6851C /* ProfessionGenomeFilter.swift */,
				A8B448A224AF5F1900F6851C /* ProfessionCloneFilter.swift */,
			);
			path = Professions;
			sourceTree = "<group>";
		};
		A8E381242392F8C000F5B6AF /* Views */ = {
			isa = PBXGroup;
			children = (
				A889605024AE10E2001794B4 /* Filters */,
				A869675E241C3B63006053AC /* Animals */,
				A869675D241C3B40006053AC /* Jobs */,
				A869675C241C3B0B006053AC /* Buildings */,
				A8F00770238F25BE000587DB /* ContentView.swift */,
				A890529123EBC7F3002C46C5 /* HomeView.swift */,
			);
			path = Views;
			sourceTree = "<group>";
		};
		A8E3812723932F9A00F5B6AF /* Models */ = {
			isa = PBXGroup;
			children = (
				A8F00790239163AD000587DB /* Building.swift */,
				A8F007922391640D000587DB /* Profession.swift */,
				A8E3812523932F8B00F5B6AF /* Clone.swift */,
				A8E3812823932FD500F5B6AF /* Animal.swift */,
			);
			path = Models;
			sourceTree = "<group>";
		};
		A8E3812A2393307A00F5B6AF /* JSON Files */ = {
			isa = PBXGroup;
			children = (
				A8F00788238FF39E000587DB /* buildings.json */,
				A8F007942391E79A000587DB /* professions.json */,
				A8F0078E2390B54D000587DB /* animals.json */,
			);
			path = "JSON Files";
			sourceTree = "<group>";
		};
		A8F00760238F25BE000587DB = {
			isa = PBXGroup;
			children = (
				A8F0076B238F25BE000587DB /* PixelPeople */,
				A8F0076A238F25BE000587DB /* Products */,
			);
			sourceTree = "<group>";
		};
		A8F0076A238F25BE000587DB /* Products */ = {
			isa = PBXGroup;
			children = (
				A8F00769238F25BE000587DB /* PixelPeople.app */,
			);
			name = Products;
			sourceTree = "<group>";
		};
		A8F0076B238F25BE000587DB /* PixelPeople */ = {
			isa = PBXGroup;
			children = (
				A8800EC0248BC41100A72FCA /* Extras */,
				A8E3812A2393307A00F5B6AF /* JSON Files */,
				A8E3812723932F9A00F5B6AF /* Models */,
				A8E381242392F8C000F5B6AF /* Views */,
				A8F00772238F25DC000587DB /* Assets.xcassets */,
				A8F00777238F25DC000587DB /* LaunchScreen.storyboard */,
				A8F0077A238F25DC000587DB /* Info.plist */,
				A8F00774238F25DC000587DB /* Preview Content */,
			);
			path = PixelPeople;
			sourceTree = "<group>";
		};
		A8F00774238F25DC000587DB /* Preview Content */ = {
			isa = PBXGroup;
			children = (
				A8F00775238F25DC000587DB /* Preview Assets.xcassets */,
			);
			path = "Preview Content";
			sourceTree = "<group>";
		};
/* End PBXGroup section */

/* Begin PBXNativeTarget section */
		A8F00768238F25BE000587DB /* PixelPeople */ = {
			isa = PBXNativeTarget;
			buildConfigurationList = A8F0077D238F25DC000587DB /* Build configuration list for PBXNativeTarget "PixelPeople" */;
			buildPhases = (
				A8F00765238F25BE000587DB /* Sources */,
				A8F00766238F25BE000587DB /* Frameworks */,
				A8F00767238F25BE000587DB /* Resources */,
			);
			buildRules = (
			);
			dependencies = (
			);
			name = PixelPeople;
			productName = PixelPeople;
			productReference = A8F00769238F25BE000587DB /* PixelPeople.app */;
			productType = "com.apple.product-type.application";
		};
/* End PBXNativeTarget section */

/* Begin PBXProject section */
		A8F00761238F25BE000587DB /* Project object */ = {
			isa = PBXProject;
			attributes = {
				LastSwiftUpdateCheck = 1120;
				LastUpgradeCheck = 1120;
				ORGANIZATIONNAME = "Eric Carroll";
				TargetAttributes = {
					A8F00768238F25BE000587DB = {
						CreatedOnToolsVersion = 11.2.1;
					};
				};
			};
			buildConfigurationList = A8F00764238F25BE000587DB /* Build configuration list for PBXProject "PixelPeople" */;
			compatibilityVersion = "Xcode 9.3";
			developmentRegion = en;
			hasScannedForEncodings = 0;
			knownRegions = (
				en,
				Base,
			);
			mainGroup = A8F00760238F25BE000587DB;
			productRefGroup = A8F0076A238F25BE000587DB /* Products */;
			projectDirPath = "";
			projectRoot = "";
			targets = (
				A8F00768238F25BE000587DB /* PixelPeople */,
			);
		};
/* End PBXProject section */

/* Begin PBXResourcesBuildPhase section */
		A8F00767238F25BE000587DB /* Resources */ = {
			isa = PBXResourcesBuildPhase;
			buildActionMask = 2147483647;
			files = (
				A8F00779238F25DC000587DB /* LaunchScreen.storyboard in Resources */,
				A8F007952391E79A000587DB /* professions.json in Resources */,
				A8F0078F2390B54E000587DB /* animals.json in Resources */,
				A8F00776238F25DC000587DB /* Preview Assets.xcassets in Resources */,
				A8F00773238F25DC000587DB /* Assets.xcassets in Resources */,
				A8F00789238FF39E000587DB /* buildings.json in Resources */,
			);
			runOnlyForDeploymentPostprocessing = 0;
		};
/* End PBXResourcesBuildPhase section */

/* Begin PBXSourcesBuildPhase section */
		A8F00765238F25BE000587DB /* Sources */ = {
			isa = PBXSourcesBuildPhase;
			buildActionMask = 2147483647;
			files = (
				A8BACB7E23B6F5D2003188A0 /* AnimalView.swift in Sources */,
				A889605224AE147E001794B4 /* AnimalTierFilter.swift in Sources */,
				A8DA1BC323DE553200D137EA /* FilteredGenomeView.swift in Sources */,
				A8DA1BBD23DCDAA400D137EA /* FilteredBuildingView.swift in Sources */,
				A82B2D6324AAEA7100728C1C /* FilterBuildings.swift in Sources */,
				A82B2D6B24AC098800728C1C /* AnimalFilters.swift in Sources */,
				A8E3812923932FD500F5B6AF /* Animal.swift in Sources */,
				A8E936EC248299DA0040665C /* RoundedCorner.swift in Sources */,
				A8F0078D2390ACBB000587DB /* ProfessionView.swift in Sources */,
				A8E381232392F8A000F5B6AF /* CloneView.swift in Sources */,
				A8AA85F2247C72FC0041D878 /* Colors.swift in Sources */,
				A8F00781238F2708000587DB /* Extensions.swift in Sources */,
				A8BACB8423B8442D003188A0 /* BuildingDetailsView.swift in Sources */,
				A82B2D5D24A80F0E00728C1C /* FilteredCategoryView.swift in Sources */,
				A889605424AE18F8001794B4 /* AnimalCategoryFilter.swift in Sources */,
				A8739EA7248D07210036951F /* GridView.swift in Sources */,
				A8B448A124AF543900F6851C /* ProfessionGenomeFilter.swift in Sources */,
				A8F0078B23909AC2000587DB /* BuildingView.swift in Sources */,
				A889605824AEAAF1001794B4 /* HeaderText.swift in Sources */,
				A8F0076D238F25BE000587DB /* AppDelegate.swift in Sources */,
				A8B4489E24AF530F00F6851C /* ProfessionFilters.swift in Sources */,
				A8DA1BBF23DCE3E900D137EA /* UITabBarWrapper.swift in Sources */,
				A8F0076F238F25BE000587DB /* SceneDelegate.swift in Sources */,
				A8F00771238F25BE000587DB /* ContentView.swift in Sources */,
				A889605624AE1A9B001794B4 /* AnimalParentFilter.swift in Sources */,
				A8BACB8223B83962003188A0 /* AnimalDetailsView.swift in Sources */,
				A82B2D5B24A7AF1F00728C1C /* ExitButton.swift in Sources */,
				A8E3812623932F8B00F5B6AF /* Clone.swift in Sources */,
				A890529223EBC7F3002C46C5 /* HomeView.swift in Sources */,
				A8696760241E89B6006053AC /* BuildingInfoView.swift in Sources */,
				A8DA1BC123DCE54100D137EA /* TabBarElement.swift in Sources */,
				A889605E24AEE927001794B4 /* BuildingCategoryFilter.swift in Sources */,
				A82B2D6724AB892800728C1C /* AnimalSeasonFilter.swift in Sources */,
				A8696762241ED896006053AC /* BuildingListView.swift in Sources */,
				A8F00791239163AD000587DB /* Building.swift in Sources */,
				A82B2D6124A8BD3500728C1C /* FilterProfessions.swift in Sources */,
				A8B448A524AF755800F6851C /* BuildingCloneFilter.swift in Sources */,
				A8739EA5248C87000036951F /* MenuView.swift in Sources */,
				A82B2D6524AB833000728C1C /* BuildingThumb.swift in Sources */,
				A889605C24AEE6D4001794B4 /* BuildingFilters.swift in Sources */,
				A8BACB8623B8483F003188A0 /* ProfessionDetailsView.swift in Sources */,
				A8F007932391640D000587DB /* Profession.swift in Sources */,
				A82B2D6924AB8C2000728C1C /* JobThumb.swift in Sources */,
				A8AA85F0247C70DD0041D878 /* Enums.swift in Sources */,
				A8B448A324AF5F1900F6851C /* ProfessionCloneFilter.swift in Sources */,
				A8CA3F7623CFF08F002E9A1C /* FilteredSeasonView.swift in Sources */,
				A82B2D5F24A8233200728C1C /* AnimalThumb.swift in Sources */,
			);
			runOnlyForDeploymentPostprocessing = 0;
		};
/* End PBXSourcesBuildPhase section */

/* Begin PBXVariantGroup section */
		A8F00777238F25DC000587DB /* LaunchScreen.storyboard */ = {
			isa = PBXVariantGroup;
			children = (
				A8F00778238F25DC000587DB /* Base */,
			);
			name = LaunchScreen.storyboard;
			sourceTree = "<group>";
		};
/* End PBXVariantGroup section */

/* Begin XCBuildConfiguration section */
		A8F0077B238F25DC000587DB /* Debug */ = {
			isa = XCBuildConfiguration;
			buildSettings = {
				ALWAYS_SEARCH_USER_PATHS = NO;
				CLANG_ANALYZER_NONNULL = YES;
				CLANG_ANALYZER_NUMBER_OBJECT_CONVERSION = YES_AGGRESSIVE;
				CLANG_CXX_LANGUAGE_STANDARD = "gnu++14";
				CLANG_CXX_LIBRARY = "libc++";
				CLANG_ENABLE_MODULES = YES;
				CLANG_ENABLE_OBJC_ARC = YES;
				CLANG_ENABLE_OBJC_WEAK = YES;
				CLANG_WARN_BLOCK_CAPTURE_AUTORELEASING = YES;
				CLANG_WARN_BOOL_CONVERSION = YES;
				CLANG_WARN_COMMA = YES;
				CLANG_WARN_CONSTANT_CONVERSION = YES;
				CLANG_WARN_DEPRECATED_OBJC_IMPLEMENTATIONS = YES;
				CLANG_WARN_DIRECT_OBJC_ISA_USAGE = YES_ERROR;
				CLANG_WARN_DOCUMENTATION_COMMENTS = YES;
				CLANG_WARN_EMPTY_BODY = YES;
				CLANG_WARN_ENUM_CONVERSION = YES;
				CLANG_WARN_INFINITE_RECURSION = YES;
				CLANG_WARN_INT_CONVERSION = YES;
				CLANG_WARN_NON_LITERAL_NULL_CONVERSION = YES;
				CLANG_WARN_OBJC_IMPLICIT_RETAIN_SELF = YES;
				CLANG_WARN_OBJC_LITERAL_CONVERSION = YES;
				CLANG_WARN_OBJC_ROOT_CLASS = YES_ERROR;
				CLANG_WARN_RANGE_LOOP_ANALYSIS = YES;
				CLANG_WARN_STRICT_PROTOTYPES = YES;
				CLANG_WARN_SUSPICIOUS_MOVE = YES;
				CLANG_WARN_UNGUARDED_AVAILABILITY = YES_AGGRESSIVE;
				CLANG_WARN_UNREACHABLE_CODE = YES;
				CLANG_WARN__DUPLICATE_METHOD_MATCH = YES;
				COPY_PHASE_STRIP = NO;
				DEBUG_INFORMATION_FORMAT = dwarf;
				ENABLE_STRICT_OBJC_MSGSEND = YES;
				ENABLE_TESTABILITY = YES;
				GCC_C_LANGUAGE_STANDARD = gnu11;
				GCC_DYNAMIC_NO_PIC = NO;
				GCC_NO_COMMON_BLOCKS = YES;
				GCC_OPTIMIZATION_LEVEL = 0;
				GCC_PREPROCESSOR_DEFINITIONS = (
					"DEBUG=1",
					"$(inherited)",
				);
				GCC_WARN_64_TO_32_BIT_CONVERSION = YES;
				GCC_WARN_ABOUT_RETURN_TYPE = YES_ERROR;
				GCC_WARN_UNDECLARED_SELECTOR = YES;
				GCC_WARN_UNINITIALIZED_AUTOS = YES_AGGRESSIVE;
				GCC_WARN_UNUSED_FUNCTION = YES;
				GCC_WARN_UNUSED_VARIABLE = YES;
				IPHONEOS_DEPLOYMENT_TARGET = 13.3;
				MTL_ENABLE_DEBUG_INFO = INCLUDE_SOURCE;
				MTL_FAST_MATH = YES;
				ONLY_ACTIVE_ARCH = YES;
				SDKROOT = iphoneos;
				SWIFT_ACTIVE_COMPILATION_CONDITIONS = DEBUG;
				SWIFT_OPTIMIZATION_LEVEL = "-Onone";
			};
			name = Debug;
		};
		A8F0077C238F25DC000587DB /* Release */ = {
			isa = XCBuildConfiguration;
			buildSettings = {
				ALWAYS_SEARCH_USER_PATHS = NO;
				CLANG_ANALYZER_NONNULL = YES;
				CLANG_ANALYZER_NUMBER_OBJECT_CONVERSION = YES_AGGRESSIVE;
				CLANG_CXX_LANGUAGE_STANDARD = "gnu++14";
				CLANG_CXX_LIBRARY = "libc++";
				CLANG_ENABLE_MODULES = YES;
				CLANG_ENABLE_OBJC_ARC = YES;
				CLANG_ENABLE_OBJC_WEAK = YES;
				CLANG_WARN_BLOCK_CAPTURE_AUTORELEASING = YES;
				CLANG_WARN_BOOL_CONVERSION = YES;
				CLANG_WARN_COMMA = YES;
				CLANG_WARN_CONSTANT_CONVERSION = YES;
				CLANG_WARN_DEPRECATED_OBJC_IMPLEMENTATIONS = YES;
				CLANG_WARN_DIRECT_OBJC_ISA_USAGE = YES_ERROR;
				CLANG_WARN_DOCUMENTATION_COMMENTS = YES;
				CLANG_WARN_EMPTY_BODY = YES;
				CLANG_WARN_ENUM_CONVERSION = YES;
				CLANG_WARN_INFINITE_RECURSION = YES;
				CLANG_WARN_INT_CONVERSION = YES;
				CLANG_WARN_NON_LITERAL_NULL_CONVERSION = YES;
				CLANG_WARN_OBJC_IMPLICIT_RETAIN_SELF = YES;
				CLANG_WARN_OBJC_LITERAL_CONVERSION = YES;
				CLANG_WARN_OBJC_ROOT_CLASS = YES_ERROR;
				CLANG_WARN_RANGE_LOOP_ANALYSIS = YES;
				CLANG_WARN_STRICT_PROTOTYPES = YES;
				CLANG_WARN_SUSPICIOUS_MOVE = YES;
				CLANG_WARN_UNGUARDED_AVAILABILITY = YES_AGGRESSIVE;
				CLANG_WARN_UNREACHABLE_CODE = YES;
				CLANG_WARN__DUPLICATE_METHOD_MATCH = YES;
				COPY_PHASE_STRIP = NO;
				DEBUG_INFORMATION_FORMAT = "dwarf-with-dsym";
				ENABLE_NS_ASSERTIONS = NO;
				ENABLE_STRICT_OBJC_MSGSEND = YES;
				GCC_C_LANGUAGE_STANDARD = gnu11;
				GCC_NO_COMMON_BLOCKS = YES;
				GCC_WARN_64_TO_32_BIT_CONVERSION = YES;
				GCC_WARN_ABOUT_RETURN_TYPE = YES_ERROR;
				GCC_WARN_UNDECLARED_SELECTOR = YES;
				GCC_WARN_UNINITIALIZED_AUTOS = YES_AGGRESSIVE;
				GCC_WARN_UNUSED_FUNCTION = YES;
				GCC_WARN_UNUSED_VARIABLE = YES;
				IPHONEOS_DEPLOYMENT_TARGET = 13.3;
				MTL_ENABLE_DEBUG_INFO = NO;
				MTL_FAST_MATH = YES;
				SDKROOT = iphoneos;
				SWIFT_COMPILATION_MODE = wholemodule;
				SWIFT_OPTIMIZATION_LEVEL = "-O";
				VALIDATE_PRODUCT = YES;
			};
			name = Release;
		};
		A8F0077E238F25DC000587DB /* Debug */ = {
			isa = XCBuildConfiguration;
			buildSettings = {
				ASSETCATALOG_COMPILER_APPICON_NAME = "AppIcon-1";
				CODE_SIGN_IDENTITY = "iPhone Developer";
				CODE_SIGN_STYLE = Manual;
				DEVELOPMENT_ASSET_PATHS = "\"PixelPeople/Preview Content\"";
				DEVELOPMENT_TEAM = 8KD95CCYA7;
				ENABLE_PREVIEWS = YES;
				INFOPLIST_FILE = PixelPeople/Info.plist;
				LD_RUNPATH_SEARCH_PATHS = (
					"$(inherited)",
					"@executable_path/Frameworks",
				);
				PRODUCT_BUNDLE_IDENTIFIER = com.Carroll.PixelPeople;
				PRODUCT_NAME = "$(TARGET_NAME)";
				PROVISIONING_PROFILE_SPECIFIER = "Pixel People";
				SWIFT_VERSION = 5.0;
				TARGETED_DEVICE_FAMILY = "1,2";
			};
			name = Debug;
		};
		A8F0077F238F25DC000587DB /* Release */ = {
			isa = XCBuildConfiguration;
			buildSettings = {
				ASSETCATALOG_COMPILER_APPICON_NAME = "AppIcon-1";
				CODE_SIGN_IDENTITY = "iPhone Developer";
				CODE_SIGN_STYLE = Manual;
				DEVELOPMENT_ASSET_PATHS = "\"PixelPeople/Preview Content\"";
				DEVELOPMENT_TEAM = 8KD95CCYA7;
				ENABLE_PREVIEWS = YES;
				INFOPLIST_FILE = PixelPeople/Info.plist;
				LD_RUNPATH_SEARCH_PATHS = (
					"$(inherited)",
					"@executable_path/Frameworks",
				);
				PRODUCT_BUNDLE_IDENTIFIER = com.Carroll.PixelPeople;
				PRODUCT_NAME = "$(TARGET_NAME)";
				PROVISIONING_PROFILE_SPECIFIER = "Pixel People";
				SWIFT_VERSION = 5.0;
				TARGETED_DEVICE_FAMILY = "1,2";
			};
			name = Release;
		};
/* End XCBuildConfiguration section */

/* Begin XCConfigurationList section */
		A8F00764238F25BE000587DB /* Build configuration list for PBXProject "PixelPeople" */ = {
			isa = XCConfigurationList;
			buildConfigurations = (
				A8F0077B238F25DC000587DB /* Debug */,
				A8F0077C238F25DC000587DB /* Release */,
			);
			defaultConfigurationIsVisible = 0;
			defaultConfigurationName = Release;
		};
		A8F0077D238F25DC000587DB /* Build configuration list for PBXNativeTarget "PixelPeople" */ = {
			isa = XCConfigurationList;
			buildConfigurations = (
				A8F0077E238F25DC000587DB /* Debug */,
				A8F0077F238F25DC000587DB /* Release */,
			);
			defaultConfigurationIsVisible = 0;
			defaultConfigurationName = Release;
		};
/* End XCConfigurationList section */
	};
	rootObject = A8F00761238F25BE000587DB /* Project object */;
}
